
Microsoft Visual Studio Solution File, Format Version 12.00
# Visual Studio Version 17
VisualStudioVersion = 17.14.36414.22 d17.14
MinimumVisualStudioVersion = 10.0.40219.1
Project("{FAE04EC0-301F-11D3-BF4B-00C04F79EFBC}") = "WinFormsApp1", "WinFormsApp1\WinFormsApp1.csproj", "{F507DB5A-50F2-4552-8ADC-87D527A3DB73}"
EndProject
Global
	GlobalSection(SolutionConfigurationPlatforms) = preSolution
		Debug|Any CPU = Debug|Any CPU
		Release|Any CPU = Release|Any CPU
	EndGlobalSection
	GlobalSection(ProjectConfigurationPlatforms) = postSolution
		{F507DB5A-50F2-4552-8ADC-87D527A3DB73}.Debug|Any CPU.ActiveCfg = Debug|Any CPU
		{F507DB5A-50F2-4552-8ADC-87D527A3DB73}.Debug|Any CPU.Build.0 = Debug|Any CPU
		{F507DB5A-50F2-4552-8ADC-87D527A3DB73}.Release|Any CPU.ActiveCfg = Release|Any CPU
		{F507DB5A-50F2-4552-8ADC-87D527A3DB73}.Release|Any CPU.Build.0 = Release|Any CPU
	EndGlobalSection
	GlobalSection(SolutionProperties) = preSolution
		HideSolutionNode = FALSE
	EndGlobalSection
	GlobalSection(ExtensibilityGlobals) = postSolution
		SolutionGuid = {59396D0B-8784-4323-BBE9-E97FDD63D29A}
	EndGlobalSection
EndGlobal
